
Microsoft Visual Studio Solution File, Format Version 12.00
# Visual Studio 15
VisualStudioVersion = 15.0.28010.2046
MinimumVisualStudioVersion = 10.0.40219.1
Project("{9A19103F-16F7-4668-BE54-9A1E7A4F7556}") = "Blog", "Blog\Blog.csproj", "{8FA69676-783A-4C53-809E-6040E94A4E28}"
EndProject
Project("{FAE04EC0-301F-11D3-BF4B-00C04F79EFBC}") = "Repository", "Repository\Repository.csproj", "{6D15E866-20B1-4A42-B034-97E3960FAA1C}"
EndProject
Global
	GlobalSection(SolutionConfigurationPlatforms) = preSolution
		Debug|Any CPU = Debug|Any CPU
		Release|Any CPU = Release|Any CPU
	EndGlobalSection
	GlobalSection(ProjectConfigurationPlatforms) = postSolution
		{8FA69676-783A-4C53-809E-6040E94A4E28}.Debug|Any CPU.ActiveCfg = Debug|Any CPU
		{8FA69676-783A-4C53-809E-6040E94A4E28}.Debug|Any CPU.Build.0 = Debug|Any CPU
		{8FA69676-783A-4C53-809E-6040E94A4E28}.Release|Any CPU.ActiveCfg = Release|Any CPU
		{8FA69676-783A-4C53-809E-6040E94A4E28}.Release|Any CPU.Build.0 = Release|Any CPU
		{6D15E866-20B1-4A42-B034-97E3960FAA1C}.Debug|Any CPU.ActiveCfg = Debug|Any CPU
		{6D15E866-20B1-4A42-B034-97E3960FAA1C}.Debug|Any CPU.Build.0 = Debug|Any CPU
		{6D15E866-20B1-4A42-B034-97E3960FAA1C}.Release|Any CPU.ActiveCfg = Release|Any CPU
		{6D15E866-20B1-4A42-B034-97E3960FAA1C}.Release|Any CPU.Build.0 = Release|Any CPU
	EndGlobalSection
	GlobalSection(SolutionProperties) = preSolution
		HideSolutionNode = FALSE
	EndGlobalSection
	GlobalSection(ExtensibilityGlobals) = postSolution
		SolutionGuid = {12E56375-E44C-425F-A16D-F0F5211968F3}
	EndGlobalSection
EndGlobal
